
Microsoft Visual Studio Solution File, Format Version 12.00
# Visual Studio Version 17
VisualStudioVersion = 17.7.34031.279
MinimumVisualStudioVersion = 10.0.40219.1
Project("{FAE04EC0-301F-11D3-BF4B-00C04F79EFBC}") = "hristogramm", "hristogramm\hristogramm.csproj", "{DE0DD48B-4394-4559-9E5F-F6AC8BDCCA88}"
EndProject
Project("{FAE04EC0-301F-11D3-BF4B-00C04F79EFBC}") = "clever lilly", "clever lilly\clever lilly.csproj", "{293383B7-B253-4216-A026-6104F06F1C8A}"
EndProject
Project("{FAE04EC0-301F-11D3-BF4B-00C04F79EFBC}") = "bring the past", "bring the past\bring the past.csproj", "{78DA755F-B244-4CD5-856E-B4EFE223324E}"
EndProject
Project("{FAE04EC0-301F-11D3-BF4B-00C04F79EFBC}") = "hospital", "hospital\hospital.csproj", "{450F2FC9-5D45-40FE-883C-AE5720E1D974}"
EndProject
Project("{FAE04EC0-301F-11D3-BF4B-00C04F79EFBC}") = "dividing nothing left", "dividing nothing left\dividing nothing left.csproj", "{75C8F77F-1863-4D4C-94B2-D4D628034A00}"
EndProject
Global
	GlobalSection(SolutionConfigurationPlatforms) = preSolution
		Debug|Any CPU = Debug|Any CPU
		Release|Any CPU = Release|Any CPU
	EndGlobalSection
	GlobalSection(ProjectConfigurationPlatforms) = postSolution
		{DE0DD48B-4394-4559-9E5F-F6AC8BDCCA88}.Debug|Any CPU.ActiveCfg = Debug|Any CPU
		{DE0DD48B-4394-4559-9E5F-F6AC8BDCCA88}.Debug|Any CPU.Build.0 = Debug|Any CPU
		{DE0DD48B-4394-4559-9E5F-F6AC8BDCCA88}.Release|Any CPU.ActiveCfg = Release|Any CPU
		{DE0DD48B-4394-4559-9E5F-F6AC8BDCCA88}.Release|Any CPU.Build.0 = Release|Any CPU
		{293383B7-B253-4216-A026-6104F06F1C8A}.Debug|Any CPU.ActiveCfg = Debug|Any CPU
		{293383B7-B253-4216-A026-6104F06F1C8A}.Debug|Any CPU.Build.0 = Debug|Any CPU
		{293383B7-B253-4216-A026-6104F06F1C8A}.Release|Any CPU.ActiveCfg = Release|Any CPU
		{293383B7-B253-4216-A026-6104F06F1C8A}.Release|Any CPU.Build.0 = Release|Any CPU
		{78DA755F-B244-4CD5-856E-B4EFE223324E}.Debug|Any CPU.ActiveCfg = Debug|Any CPU
		{78DA755F-B244-4CD5-856E-B4EFE223324E}.Debug|Any CPU.Build.0 = Debug|Any CPU
		{78DA755F-B244-4CD5-856E-B4EFE223324E}.Release|Any CPU.ActiveCfg = Release|Any CPU
		{78DA755F-B244-4CD5-856E-B4EFE223324E}.Release|Any CPU.Build.0 = Release|Any CPU
		{450F2FC9-5D45-40FE-883C-AE5720E1D974}.Debug|Any CPU.ActiveCfg = Debug|Any CPU
		{450F2FC9-5D45-40FE-883C-AE5720E1D974}.Debug|Any CPU.Build.0 = Debug|Any CPU
		{450F2FC9-5D45-40FE-883C-AE5720E1D974}.Release|Any CPU.ActiveCfg = Release|Any CPU
		{450F2FC9-5D45-40FE-883C-AE5720E1D974}.Release|Any CPU.Build.0 = Release|Any CPU
		{75C8F77F-1863-4D4C-94B2-D4D628034A00}.Debug|Any CPU.ActiveCfg = Debug|Any CPU
		{75C8F77F-1863-4D4C-94B2-D4D628034A00}.Debug|Any CPU.Build.0 = Debug|Any CPU
		{75C8F77F-1863-4D4C-94B2-D4D628034A00}.Release|Any CPU.ActiveCfg = Release|Any CPU
		{75C8F77F-1863-4D4C-94B2-D4D628034A00}.Release|Any CPU.Build.0 = Release|Any CPU
	EndGlobalSection
	GlobalSection(SolutionProperties) = preSolution
		HideSolutionNode = FALSE
	EndGlobalSection
	GlobalSection(ExtensibilityGlobals) = postSolution
		SolutionGuid = {FC56CB0A-A43C-41D8-B571-7C4968219A99}
	EndGlobalSection
EndGlobal
